
Microsoft Visual Studio Solution File, Format Version 12.00
# Visual Studio Version 17
VisualStudioVersion = 17.3.32901.215
MinimumVisualStudioVersion = 10.0.40219.1
Project("{FAE04EC0-301F-11D3-BF4B-00C04F79EFBC}") = "Quiz_Project", "Quiz_Project\Quiz_Project.csproj", "{4AA0EF36-1001-46C2-A046-E7531F4CECC7}"
EndProject
Project("{FAE04EC0-301F-11D3-BF4B-00C04F79EFBC}") = "QuizServer", "QuizServer\QuizServer.csproj", "{96414CBD-7E24-47D2-9FB1-8EB6DA5880F2}"
EndProject
Global
	GlobalSection(SolutionConfigurationPlatforms) = preSolution
		Debug|Any CPU = Debug|Any CPU
		Release|Any CPU = Release|Any CPU
	EndGlobalSection
	GlobalSection(ProjectConfigurationPlatforms) = postSolution
		{4AA0EF36-1001-46C2-A046-E7531F4CECC7}.Debug|Any CPU.ActiveCfg = Debug|Any CPU
		{4AA0EF36-1001-46C2-A046-E7531F4CECC7}.Debug|Any CPU.Build.0 = Debug|Any CPU
		{4AA0EF36-1001-46C2-A046-E7531F4CECC7}.Release|Any CPU.ActiveCfg = Release|Any CPU
		{4AA0EF36-1001-46C2-A046-E7531F4CECC7}.Release|Any CPU.Build.0 = Release|Any CPU
		{96414CBD-7E24-47D2-9FB1-8EB6DA5880F2}.Debug|Any CPU.ActiveCfg = Debug|Any CPU
		{96414CBD-7E24-47D2-9FB1-8EB6DA5880F2}.Debug|Any CPU.Build.0 = Debug|Any CPU
		{96414CBD-7E24-47D2-9FB1-8EB6DA5880F2}.Release|Any CPU.ActiveCfg = Release|Any CPU
		{96414CBD-7E24-47D2-9FB1-8EB6DA5880F2}.Release|Any CPU.Build.0 = Release|Any CPU
	EndGlobalSection
	GlobalSection(SolutionProperties) = preSolution
		HideSolutionNode = FALSE
	EndGlobalSection
	GlobalSection(ExtensibilityGlobals) = postSolution
		SolutionGuid = {AD087969-B5DE-4C9F-A1FE-591DA11AFEE0}
	EndGlobalSection
EndGlobal
